<?xml version="1.0" encoding="utf-8"?>
<Project ToolsVersion="4.0" xmlns="http://schemas.microsoft.com/developer/msbuild/2003">
  <ItemGroup>
    <Filter Include="Source Files">
      <UniqueIdentifier>{4FC737F1-C7A5-4376-A066-2A32D752A2FF}</UniqueIdentifier>
      <Extensions>cpp;c;cc;cxx;c++;cppm;ixx;def;odl;idl;hpj;bat;asm;asmx</Extensions>
    </Filter>
    <Filter Include="Resource Files">
      <UniqueIdentifier>{67DA6AB6-F800-4c08-8B7A-83BB121AAD01}</UniqueIdentifier>
      <Extensions>rc;ico;cur;bmp;dlg;rc2;rct;bin;rgs;gif;jpg;jpeg;jpe;resx;tiff;tif;png;wav;mfcribbon-ms</Extensions>
    </Filter>
    <Filter Include="Source Files\Header Files">
      <UniqueIdentifier>{7857e5bd-66b5-41bb-8b05-d68fa0734dfe}</UniqueIdentifier>
    </Filter>
    <Filter Include="Resource Files\shaders">
      <UniqueIdentifier>{b99260d4-4513-4409-9743-310d57003705}</UniqueIdentifier>
    </Filter>
    <Filter Include="Resource Files\textures">
      <UniqueIdentifier>{0d70b477-4c12-489b-ad58-eebb51a1edb1}</UniqueIdentifier>
    </Filter>
  </ItemGroup>
  <ItemGroup>
    <ClCompile Include="src\main.cpp">
      <Filter>Source Files</Filter>
    </ClCompile>
    <ClCompile Include="src\application.cpp">
      <Filter>Source Files</Filter>
    </ClCompile>
    <ClCompile Include="src\window.cpp">
      <Filter>Source Files</Filter>
    </ClCompile>
    <ClCompile Include="src\context.cpp">
      <Filter>Source Files</Filter>
    </ClCompile>
    <ClCompile Include="src\renderer.cpp">
      <Filter>Source Files</Filter>
    </ClCompile>
    <ClCompile Include="src\gui.cpp">
      <Filter>Source Files</Filter>
    </ClCompile>
    <ClCompile Include="src\textures.cpp">
      <Filter>Source Files</Filter>
    </ClCompile>
    <ClCompile Include="src\buffers.cpp">
      <Filter>Source Files</Filter>
    </ClCompile>
  </ItemGroup>
  <ItemGroup>
    <ClInclude Include="src\headers\application.h">
      <Filter>Source Files\Header Files</Filter>
    </ClInclude>
    <ClInclude Include="src\headers\stateMachine.h">
      <Filter>Source Files\Header Files</Filter>
    </ClInclude>
    <ClInclude Include="src\headers\window.h">
      <Filter>Source Files\Header Files</Filter>
    </ClInclude>
    <ClInclude Include="src\headers\context.h">
      <Filter>Source Files\Header Files</Filter>
    </ClInclude>
    <ClInclude Include="src\headers\renderer.h">
      <Filter>Source Files\Header Files</Filter>
    </ClInclude>
    <ClInclude Include="src\headers\gui.h">
      <Filter>Source Files\Header Files</Filter>
    </ClInclude>
    <ClInclude Include="src\headers\textures.h">
      <Filter>Source Files\Header Files</Filter>
    </ClInclude>
    <ClInclude Include="src\headers\buffers.h">
      <Filter>Source Files\Header Files</Filter>
    </ClInclude>
  </ItemGroup>
  <ItemGroup>
    <None Include="res\shaders\frag.spv">
      <Filter>Resource Files\shaders</Filter>
    </None>
    <None Include="res\shaders\vert.spv">
      <Filter>Resource Files\shaders</Filter>
    </None>
  </ItemGroup>
  <ItemGroup>
    <Image Include="res\textures\texture.png">
      <Filter>Resource Files\textures</Filter>
    </Image>
  </ItemGroup>
</Project>